
Microsoft Visual Studio Solution File, Format Version 12.00
# Visual Studio Version 17
VisualStudioVersion = 17.0.32014.148
MinimumVisualStudioVersion = 10.0.40219.1
Project("{FAE04EC0-301F-11D3-BF4B-00C04F79EFBC}") = "CICDTest", "CICDTest\CICDTest.csproj", "{FB0881C8-8367-40E3-ACB7-C5238C89B3EE}"
EndProject
Global
	GlobalSection(SolutionConfigurationPlatforms) = preSolution
		Debug|Any CPU = Debug|Any CPU
		Release|Any CPU = Release|Any CPU
	EndGlobalSection
	GlobalSection(ProjectConfigurationPlatforms) = postSolution
		{FB0881C8-8367-40E3-ACB7-C5238C89B3EE}.Debug|Any CPU.ActiveCfg = Debug|Any CPU
		{FB0881C8-8367-40E3-ACB7-C5238C89B3EE}.Debug|Any CPU.Build.0 = Debug|Any CPU
		{FB0881C8-8367-40E3-ACB7-C5238C89B3EE}.Release|Any CPU.ActiveCfg = Release|Any CPU
		{FB0881C8-8367-40E3-ACB7-C5238C89B3EE}.Release|Any CPU.Build.0 = Release|Any CPU
	EndGlobalSection
	GlobalSection(SolutionProperties) = preSolution
		HideSolutionNode = FALSE
	EndGlobalSection
	GlobalSection(ExtensibilityGlobals) = postSolution
		SolutionGuid = {C825DA03-6078-4F16-9B28-92C9658FB3FB}
	EndGlobalSection
EndGlobal
